
Microsoft Visual Studio Solution File, Format Version 12.00
# Visual Studio Version 17
VisualStudioVersion = 17.0.31903.59
MinimumVisualStudioVersion = 10.0.40219.1
Project("{FAE04EC0-301F-11D3-BF4B-00C04F79EFBC}") = "PokerPoints.Data", "PokerPoints.Data\PokerPoints.Data.csproj", "{F5D898EF-38FD-4729-87C3-EA02A7F4D8F0}"
EndProject
Project("{FAE04EC0-301F-11D3-BF4B-00C04F79EFBC}") = "PokerPoints.Api", "PokerPoints.Api\PokerPoints.Api.csproj", "{3E456718-1A2E-48B9-810C-778B87DA1C26}"
EndProject
Project("{FAE04EC0-301F-11D3-BF4B-00C04F79EFBC}") = "PokerPoints.Api.Tests", "PokerPoints.Api.Tests\PokerPoints.Api.Tests.csproj", "{760C5F77-20B5-4E86-B006-21F37086A7E2}"
EndProject
Project("{FAE04EC0-301F-11D3-BF4B-00C04F79EFBC}") = "PokerPoints.Data.Tests", "PokerPoints.Data.Tests\PokerPoints.Data.Tests.csproj", "{16D72341-D2D1-43F4-ACDD-40267F82C3C1}"
EndProject
Project("{FAE04EC0-301F-11D3-BF4B-00C04F79EFBC}") = "PokerPoints.Integration.Tests", "PokerPoints.Integration.Tests\PokerPoints.Integration.Tests.csproj", "{DDA95041-64BF-480B-8B52-D024D495341B}"
EndProject
Global
	GlobalSection(SolutionConfigurationPlatforms) = preSolution
		Debug|Any CPU = Debug|Any CPU
		Debug|x64 = Debug|x64
		Debug|x86 = Debug|x86
		Release|Any CPU = Release|Any CPU
		Release|x64 = Release|x64
		Release|x86 = Release|x86
	EndGlobalSection
	GlobalSection(ProjectConfigurationPlatforms) = postSolution
		{F5D898EF-38FD-4729-87C3-EA02A7F4D8F0}.Debug|Any CPU.ActiveCfg = Debug|Any CPU
		{F5D898EF-38FD-4729-87C3-EA02A7F4D8F0}.Debug|Any CPU.Build.0 = Debug|Any CPU
		{F5D898EF-38FD-4729-87C3-EA02A7F4D8F0}.Debug|x64.ActiveCfg = Debug|Any CPU
		{F5D898EF-38FD-4729-87C3-EA02A7F4D8F0}.Debug|x64.Build.0 = Debug|Any CPU
		{F5D898EF-38FD-4729-87C3-EA02A7F4D8F0}.Debug|x86.ActiveCfg = Debug|Any CPU
		{F5D898EF-38FD-4729-87C3-EA02A7F4D8F0}.Debug|x86.Build.0 = Debug|Any CPU
		{F5D898EF-38FD-4729-87C3-EA02A7F4D8F0}.Release|Any CPU.ActiveCfg = Release|Any CPU
		{F5D898EF-38FD-4729-87C3-EA02A7F4D8F0}.Release|Any CPU.Build.0 = Release|Any CPU
		{F5D898EF-38FD-4729-87C3-EA02A7F4D8F0}.Release|x64.ActiveCfg = Release|Any CPU
		{F5D898EF-38FD-4729-87C3-EA02A7F4D8F0}.Release|x64.Build.0 = Release|Any CPU
		{F5D898EF-38FD-4729-87C3-EA02A7F4D8F0}.Release|x86.ActiveCfg = Release|Any CPU
		{F5D898EF-38FD-4729-87C3-EA02A7F4D8F0}.Release|x86.Build.0 = Release|Any CPU
		{3E456718-1A2E-48B9-810C-778B87DA1C26}.Debug|Any CPU.ActiveCfg = Debug|Any CPU
		{3E456718-1A2E-48B9-810C-778B87DA1C26}.Debug|Any CPU.Build.0 = Debug|Any CPU
		{3E456718-1A2E-48B9-810C-778B87DA1C26}.Debug|x64.ActiveCfg = Debug|Any CPU
		{3E456718-1A2E-48B9-810C-778B87DA1C26}.Debug|x64.Build.0 = Debug|Any CPU
		{3E456718-1A2E-48B9-810C-778B87DA1C26}.Debug|x86.ActiveCfg = Debug|Any CPU
		{3E456718-1A2E-48B9-810C-778B87DA1C26}.Debug|x86.Build.0 = Debug|Any CPU
		{3E456718-1A2E-48B9-810C-778B87DA1C26}.Release|Any CPU.ActiveCfg = Release|Any CPU
		{3E456718-1A2E-48B9-810C-778B87DA1C26}.Release|Any CPU.Build.0 = Release|Any CPU
		{3E456718-1A2E-48B9-810C-778B87DA1C26}.Release|x64.ActiveCfg = Release|Any CPU
		{3E456718-1A2E-48B9-810C-778B87DA1C26}.Release|x64.Build.0 = Release|Any CPU
		{3E456718-1A2E-48B9-810C-778B87DA1C26}.Release|x86.ActiveCfg = Release|Any CPU
		{3E456718-1A2E-48B9-810C-778B87DA1C26}.Release|x86.Build.0 = Release|Any CPU
		{760C5F77-20B5-4E86-B006-21F37086A7E2}.Debug|Any CPU.ActiveCfg = Debug|Any CPU
		{760C5F77-20B5-4E86-B006-21F37086A7E2}.Debug|Any CPU.Build.0 = Debug|Any CPU
		{760C5F77-20B5-4E86-B006-21F37086A7E2}.Debug|x64.ActiveCfg = Debug|Any CPU
		{760C5F77-20B5-4E86-B006-21F37086A7E2}.Debug|x64.Build.0 = Debug|Any CPU
		{760C5F77-20B5-4E86-B006-21F37086A7E2}.Debug|x86.ActiveCfg = Debug|Any CPU
		{760C5F77-20B5-4E86-B006-21F37086A7E2}.Debug|x86.Build.0 = Debug|Any CPU
		{760C5F77-20B5-4E86-B006-21F37086A7E2}.Release|Any CPU.ActiveCfg = Release|Any CPU
		{760C5F77-20B5-4E86-B006-21F37086A7E2}.Release|Any CPU.Build.0 = Release|Any CPU
		{760C5F77-20B5-4E86-B006-21F37086A7E2}.Release|x64.ActiveCfg = Release|Any CPU
		{760C5F77-20B5-4E86-B006-21F37086A7E2}.Release|x64.Build.0 = Release|Any CPU
		{760C5F77-20B5-4E86-B006-21F37086A7E2}.Release|x86.ActiveCfg = Release|Any CPU
		{760C5F77-20B5-4E86-B006-21F37086A7E2}.Release|x86.Build.0 = Release|Any CPU
		{16D72341-D2D1-43F4-ACDD-40267F82C3C1}.Debug|Any CPU.ActiveCfg = Debug|Any CPU
		{16D72341-D2D1-43F4-ACDD-40267F82C3C1}.Debug|Any CPU.Build.0 = Debug|Any CPU
		{16D72341-D2D1-43F4-ACDD-40267F82C3C1}.Debug|x64.ActiveCfg = Debug|Any CPU
		{16D72341-D2D1-43F4-ACDD-40267F82C3C1}.Debug|x64.Build.0 = Debug|Any CPU
		{16D72341-D2D1-43F4-ACDD-40267F82C3C1}.Debug|x86.ActiveCfg = Debug|Any CPU
		{16D72341-D2D1-43F4-ACDD-40267F82C3C1}.Debug|x86.Build.0 = Debug|Any CPU
		{16D72341-D2D1-43F4-ACDD-40267F82C3C1}.Release|Any CPU.ActiveCfg = Release|Any CPU
		{16D72341-D2D1-43F4-ACDD-40267F82C3C1}.Release|Any CPU.Build.0 = Release|Any CPU
		{16D72341-D2D1-43F4-ACDD-40267F82C3C1}.Release|x64.ActiveCfg = Release|Any CPU
		{16D72341-D2D1-43F4-ACDD-40267F82C3C1}.Release|x64.Build.0 = Release|Any CPU
		{16D72341-D2D1-43F4-ACDD-40267F82C3C1}.Release|x86.ActiveCfg = Release|Any CPU
		{16D72341-D2D1-43F4-ACDD-40267F82C3C1}.Release|x86.Build.0 = Release|Any CPU
		{DDA95041-64BF-480B-8B52-D024D495341B}.Debug|Any CPU.ActiveCfg = Debug|Any CPU
		{DDA95041-64BF-480B-8B52-D024D495341B}.Debug|Any CPU.Build.0 = Debug|Any CPU
		{DDA95041-64BF-480B-8B52-D024D495341B}.Debug|x64.ActiveCfg = Debug|Any CPU
		{DDA95041-64BF-480B-8B52-D024D495341B}.Debug|x64.Build.0 = Debug|Any CPU
		{DDA95041-64BF-480B-8B52-D024D495341B}.Debug|x86.ActiveCfg = Debug|Any CPU
		{DDA95041-64BF-480B-8B52-D024D495341B}.Debug|x86.Build.0 = Debug|Any CPU
		{DDA95041-64BF-480B-8B52-D024D495341B}.Release|Any CPU.ActiveCfg = Release|Any CPU
		{DDA95041-64BF-480B-8B52-D024D495341B}.Release|Any CPU.Build.0 = Release|Any CPU
		{DDA95041-64BF-480B-8B52-D024D495341B}.Release|x64.ActiveCfg = Release|Any CPU
		{DDA95041-64BF-480B-8B52-D024D495341B}.Release|x64.Build.0 = Release|Any CPU
		{DDA95041-64BF-480B-8B52-D024D495341B}.Release|x86.ActiveCfg = Release|Any CPU
		{DDA95041-64BF-480B-8B52-D024D495341B}.Release|x86.Build.0 = Release|Any CPU
	EndGlobalSection
	GlobalSection(SolutionProperties) = preSolution
		HideSolutionNode = FALSE
	EndGlobalSection
EndGlobal
